
Microsoft Visual Studio Solution File, Format Version 12.00
# Visual Studio Version 16
VisualStudioVersion = 16.0.32413.511
MinimumVisualStudioVersion = 10.0.40219.1
Project("{FAE04EC0-301F-11D3-BF4B-00C04F79EFBC}") = "Lap5_Bai1_Mail", "Lap5_Bai1_Mail\Lap5_Bai1_Mail.csproj", "{0A999099-3B69-4FDB-AA1E-C59BC0FDC547}"
EndProject
Global
	GlobalSection(SolutionConfigurationPlatforms) = preSolution
		Debug|Any CPU = Debug|Any CPU
		Release|Any CPU = Release|Any CPU
	EndGlobalSection
	GlobalSection(ProjectConfigurationPlatforms) = postSolution
		{0A999099-3B69-4FDB-AA1E-C59BC0FDC547}.Debug|Any CPU.ActiveCfg = Debug|Any CPU
		{0A999099-3B69-4FDB-AA1E-C59BC0FDC547}.Debug|Any CPU.Build.0 = Debug|Any CPU
		{0A999099-3B69-4FDB-AA1E-C59BC0FDC547}.Release|Any CPU.ActiveCfg = Release|Any CPU
		{0A999099-3B69-4FDB-AA1E-C59BC0FDC547}.Release|Any CPU.Build.0 = Release|Any CPU
	EndGlobalSection
	GlobalSection(SolutionProperties) = preSolution
		HideSolutionNode = FALSE
	EndGlobalSection
	GlobalSection(ExtensibilityGlobals) = postSolution
		SolutionGuid = {51550E68-FAC4-4AF2-BBFB-F8A43516E461}
	EndGlobalSection
EndGlobal
